
Microsoft Visual Studio Solution File, Format Version 12.00
# Visual Studio Version 17
VisualStudioVersion = 17.8.34330.188
MinimumVisualStudioVersion = 10.0.40219.1
Project("{FAE04EC0-301F-11D3-BF4B-00C04F79EFBC}") = "1100задача4", "1100задача4.csproj", "{5BD4A869-0667-48B1-A6FA-37326D184556}"
EndProject
Global
	GlobalSection(SolutionConfigurationPlatforms) = preSolution
		Debug|Any CPU = Debug|Any CPU
		Release|Any CPU = Release|Any CPU
	EndGlobalSection
	GlobalSection(ProjectConfigurationPlatforms) = postSolution
		{5BD4A869-0667-48B1-A6FA-37326D184556}.Debug|Any CPU.ActiveCfg = Debug|Any CPU
		{5BD4A869-0667-48B1-A6FA-37326D184556}.Debug|Any CPU.Build.0 = Debug|Any CPU
		{5BD4A869-0667-48B1-A6FA-37326D184556}.Release|Any CPU.ActiveCfg = Release|Any CPU
		{5BD4A869-0667-48B1-A6FA-37326D184556}.Release|Any CPU.Build.0 = Release|Any CPU
	EndGlobalSection
	GlobalSection(SolutionProperties) = preSolution
		HideSolutionNode = FALSE
	EndGlobalSection
	GlobalSection(ExtensibilityGlobals) = postSolution
		SolutionGuid = {10645B04-7379-4CF6-98F9-888BB86C7401}
	EndGlobalSection
EndGlobal
