
Microsoft Visual Studio Solution File, Format Version 12.00
# Visual Studio Version 17
VisualStudioVersion = 17.8.34330.188
MinimumVisualStudioVersion = 10.0.40219.1
Project("{FAE04EC0-301F-11D3-BF4B-00C04F79EFBC}") = "Калькулятор", "Калькулятор.csproj", "{C7427BC8-035E-4D82-B499-04C944532E0F}"
EndProject
Global
	GlobalSection(SolutionConfigurationPlatforms) = preSolution
		Debug|Any CPU = Debug|Any CPU
		Release|Any CPU = Release|Any CPU
	EndGlobalSection
	GlobalSection(ProjectConfigurationPlatforms) = postSolution
		{C7427BC8-035E-4D82-B499-04C944532E0F}.Debug|Any CPU.ActiveCfg = Debug|Any CPU
		{C7427BC8-035E-4D82-B499-04C944532E0F}.Debug|Any CPU.Build.0 = Debug|Any CPU
		{C7427BC8-035E-4D82-B499-04C944532E0F}.Release|Any CPU.ActiveCfg = Release|Any CPU
		{C7427BC8-035E-4D82-B499-04C944532E0F}.Release|Any CPU.Build.0 = Release|Any CPU
	EndGlobalSection
	GlobalSection(SolutionProperties) = preSolution
		HideSolutionNode = FALSE
	EndGlobalSection
	GlobalSection(ExtensibilityGlobals) = postSolution
		SolutionGuid = {2AFF7109-C09D-4060-BEF5-3D0B2C4003B2}
	EndGlobalSection
EndGlobal
