
Microsoft Visual Studio Solution File, Format Version 12.00
# Visual Studio Version 17
VisualStudioVersion = 17.8.34330.188
MinimumVisualStudioVersion = 10.0.40219.1
Project("{FAE04EC0-301F-11D3-BF4B-00C04F79EFBC}") = "Рисование троеугольник", "Рисование троеугольник.csproj", "{9C8F70DA-767D-4D8B-9B3A-9CB409CDD046}"
EndProject
Global
	GlobalSection(SolutionConfigurationPlatforms) = preSolution
		Debug|Any CPU = Debug|Any CPU
		Release|Any CPU = Release|Any CPU
	EndGlobalSection
	GlobalSection(ProjectConfigurationPlatforms) = postSolution
		{9C8F70DA-767D-4D8B-9B3A-9CB409CDD046}.Debug|Any CPU.ActiveCfg = Debug|Any CPU
		{9C8F70DA-767D-4D8B-9B3A-9CB409CDD046}.Debug|Any CPU.Build.0 = Debug|Any CPU
		{9C8F70DA-767D-4D8B-9B3A-9CB409CDD046}.Release|Any CPU.ActiveCfg = Release|Any CPU
		{9C8F70DA-767D-4D8B-9B3A-9CB409CDD046}.Release|Any CPU.Build.0 = Release|Any CPU
	EndGlobalSection
	GlobalSection(SolutionProperties) = preSolution
		HideSolutionNode = FALSE
	EndGlobalSection
	GlobalSection(ExtensibilityGlobals) = postSolution
		SolutionGuid = {DBA6421A-D45F-4649-B47E-D87064A4CA99}
	EndGlobalSection
EndGlobal
